// !$*UTF8*$!
{
	archiveVersion = 1;
	classes = {
	};
	objectVersion = 56;
	objects = {

/* Begin PBXBuildFile section */
		DC87F1452AF95B4D00B64C76 /* GoodCafeApp.swift in Sources */ = {isa = PBXBuildFile; fileRef = DC87F1442AF95B4D00B64C76 /* GoodCafeApp.swift */; };
		DC87F1472AF95B4D00B64C76 /* ContentView.swift in Sources */ = {isa = PBXBuildFile; fileRef = DC87F1462AF95B4D00B64C76 /* ContentView.swift */; };
		DC87F1492AF95B4E00B64C76 /* Assets.xcassets in Resources */ = {isa = PBXBuildFile; fileRef = DC87F1482AF95B4E00B64C76 /* Assets.xcassets */; };
		DC87F14C2AF95B4E00B64C76 /* Preview Assets.xcassets in Resources */ = {isa = PBXBuildFile; fileRef = DC87F14B2AF95B4E00B64C76 /* Preview Assets.xcassets */; };
		DC87F1562AF95B4E00B64C76 /* GoodCafeTests.swift in Sources */ = {isa = PBXBuildFile; fileRef = DC87F1552AF95B4E00B64C76 /* GoodCafeTests.swift */; };
		DC87F1602AF95B4E00B64C76 /* GoodCafeUITests.swift in Sources */ = {isa = PBXBuildFile; fileRef = DC87F15F2AF95B4E00B64C76 /* GoodCafeUITests.swift */; };
		DC87F1622AF95B4E00B64C76 /* GoodCafeUITestsLaunchTests.swift in Sources */ = {isa = PBXBuildFile; fileRef = DC87F1612AF95B4E00B64C76 /* GoodCafeUITestsLaunchTests.swift */; };
/* End PBXBuildFile section */

/* Begin PBXContainerItemProxy section */
		DC87F1522AF95B4E00B64C76 /* PBXContainerItemProxy */ = {
			isa = PBXContainerItemProxy;
			containerPortal = DC87F1392AF95B4D00B64C76 /* Project object */;
			proxyType = 1;
			remoteGlobalIDString = DC87F1402AF95B4D00B64C76;
			remoteInfo = GoodCafe;
		};
		DC87F15C2AF95B4E00B64C76 /* PBXContainerItemProxy */ = {
			isa = PBXContainerItemProxy;
			containerPortal = DC87F1392AF95B4D00B64C76 /* Project object */;
			proxyType = 1;
			remoteGlobalIDString = DC87F1402AF95B4D00B64C76;
			remoteInfo = GoodCafe;
		};
/* End PBXContainerItemProxy section */

/* Begin PBXFileReference section */
		DC87F1412AF95B4D00B64C76 /* GoodCafe.app */ = {isa = PBXFileReference; explicitFileType = wrapper.application; includeInIndex = 0; path = GoodCafe.app; sourceTree = BUILT_PRODUCTS_DIR; };
		DC87F1442AF95B4D00B64C76 /* GoodCafeApp.swift */ = {isa = PBXFileReference; lastKnownFileType = sourcecode.swift; path = GoodCafeApp.swift; sourceTree = "<group>"; };
		DC87F1462AF95B4D00B64C76 /* ContentView.swift */ = {isa = PBXFileReference; lastKnownFileType = sourcecode.swift; path = ContentView.swift; sourceTree = "<group>"; };
		DC87F1482AF95B4E00B64C76 /* Assets.xcassets */ = {isa = PBXFileReference; lastKnownFileType = folder.assetcatalog; path = Assets.xcassets; sourceTree = "<group>"; };
		DC87F14B2AF95B4E00B64C76 /* Preview Assets.xcassets */ = {isa = PBXFileReference; lastKnownFileType = folder.assetcatalog; path = "Preview Assets.xcassets"; sourceTree = "<group>"; };
		DC87F1512AF95B4E00B64C76 /* GoodCafeTests.xctest */ = {isa = PBXFileReference; explicitFileType = wrapper.cfbundle; includeInIndex = 0; path = GoodCafeTests.xctest; sourceTree = BUILT_PRODUCTS_DIR; };
		DC87F1552AF95B4E00B64C76 /* GoodCafeTests.swift */ = {isa = PBXFileReference; lastKnownFileType = sourcecode.swift; path = GoodCafeTests.swift; sourceTree = "<group>"; };
		DC87F15B2AF95B4E00B64C76 /* GoodCafeUITests.xctest */ = {isa = PBXFileReference; explicitFileType = wrapper.cfbundle; includeInIndex = 0; path = GoodCafeUITests.xctest; sourceTree = BUILT_PRODUCTS_DIR; };
		DC87F15F2AF95B4E00B64C76 /* GoodCafeUITests.swift */ = {isa = PBXFileReference; lastKnownFileType = sourcecode.swift; path = GoodCafeUITests.swift; sourceTree = "<group>"; };
		DC87F1612AF95B4E00B64C76 /* GoodCafeUITestsLaunchTests.swift */ = {isa = PBXFileReference; lastKnownFileType = sourcecode.swift; path = GoodCafeUITestsLaunchTests.swift; sourceTree = "<group>"; };
/* End PBXFileReference section */

/* Begin PBXFrameworksBuildPhase section */
		DC87F13E2AF95B4D00B64C76 /* Frameworks */ = {
			isa = PBXFrameworksBuildPhase;
			buildActionMask = 2147483647;
			files = (
			);
			runOnlyForDeploymentPostprocessing = 0;
		};
		DC87F14E2AF95B4E00B64C76 /* Frameworks */ = {
			isa = PBXFrameworksBuildPhase;
			buildActionMask = 2147483647;
			files = (
			);
			runOnlyForDeploymentPostprocessing = 0;
		};
		DC87F1582AF95B4E00B64C76 /* Frameworks */ = {
			isa = PBXFrameworksBuildPhase;
			buildActionMask = 2147483647;
			files = (
			);
			runOnlyForDeploymentPostprocessing = 0;
		};
/* End PBXFrameworksBuildPhase section */

/* Begin PBXGroup section */
		DC87F1382AF95B4D00B64C76 = {
			isa = PBXGroup;
			children = (
				DC87F1432AF95B4D00B64C76 /* GoodCafe */,
				DC87F1542AF95B4E00B64C76 /* GoodCafeTests */,
				DC87F15E2AF95B4E00B64C76 /* GoodCafeUITests */,
				DC87F1422AF95B4D00B64C76 /* Products */,
			);
			sourceTree = "<group>";
		};
		DC87F1422AF95B4D00B64C76 /* Products */ = {
			isa = PBXGroup;
			children = (
				DC87F1412AF95B4D00B64C76 /* GoodCafe.app */,
				DC87F1512AF95B4E00B64C76 /* GoodCafeTests.xctest */,
				DC87F15B2AF95B4E00B64C76 /* GoodCafeUITests.xctest */,
			);
			name = Products;
			sourceTree = "<group>";
		};
		DC87F1432AF95B4D00B64C76 /* GoodCafe */ = {
			isa = PBXGroup;
			children = (
				DC87F1442AF95B4D00B64C76 /* GoodCafeApp.swift */,
				DC87F1462AF95B4D00B64C76 /* ContentView.swift */,
				DC87F1482AF95B4E00B64C76 /* Assets.xcassets */,
				DC87F14A2AF95B4E00B64C76 /* Preview Content */,
			);
			path = GoodCafe;
			sourceTree = "<group>";
		};
		DC87F14A2AF95B4E00B64C76 /* Preview Content */ = {
			isa = PBXGroup;
			children = (
				DC87F14B2AF95B4E00B64C76 /* Preview Assets.xcassets */,
			);
			path = "Preview Content";
			sourceTree = "<group>";
		};
		DC87F1542AF95B4E00B64C76 /* GoodCafeTests */ = {
			isa = PBXGroup;
			children = (
				DC87F1552AF95B4E00B64C76 /* GoodCafeTests.swift */,
			);
			path = GoodCafeTests;
			sourceTree = "<group>";
		};
		DC87F15E2AF95B4E00B64C76 /* GoodCafeUITests */ = {
			isa = PBXGroup;
			children = (
				DC87F15F2AF95B4E00B64C76 /* GoodCafeUITests.swift */,
				DC87F1612AF95B4E00B64C76 /* GoodCafeUITestsLaunchTests.swift */,
			);
			path = GoodCafeUITests;
			sourceTree = "<group>";
		};
/* End PBXGroup section */

/* Begin PBXNativeTarget section */
		DC87F1402AF95B4D00B64C76 /* GoodCafe */ = {
			isa = PBXNativeTarget;
			buildConfigurationList = DC87F1652AF95B4E00B64C76 /* Build configuration list for PBXNativeTarget "GoodCafe" */;
			buildPhases = (
				DC87F13D2AF95B4D00B64C76 /* Sources */,
				DC87F13E2AF95B4D00B64C76 /* Frameworks */,
				DC87F13F2AF95B4D00B64C76 /* Resources */,
			);
			buildRules = (
			);
			dependencies = (
			);
			name = GoodCafe;
			productName = GoodCafe;
			productReference = DC87F1412AF95B4D00B64C76 /* GoodCafe.app */;
			productType = "com.apple.product-type.application";
		};
		DC87F1502AF95B4E00B64C76 /* GoodCafeTests */ = {
			isa = PBXNativeTarget;
			buildConfigurationList = DC87F1682AF95B4E00B64C76 /* Build configuration list for PBXNativeTarget "GoodCafeTests" */;
			buildPhases = (
				DC87F14D2AF95B4E00B64C76 /* Sources */,
				DC87F14E2AF95B4E00B64C76 /* Frameworks */,
				DC87F14F2AF95B4E00B64C76 /* Resources */,
			);
			buildRules = (
			);
			dependencies = (
				DC87F1532AF95B4E00B64C76 /* PBXTargetDependency */,
			);
			name = GoodCafeTests;
			productName = GoodCafeTests;
			productReference = DC87F1512AF95B4E00B64C76 /* GoodCafeTests.xctest */;
			productType = "com.apple.product-type.bundle.unit-test";
		};
		DC87F15A2AF95B4E00B64C76 /* GoodCafeUITests */ = {
			isa = PBXNativeTarget;
			buildConfigurationList = DC87F16B2AF95B4E00B64C76 /* Build configuration list for PBXNativeTarget "GoodCafeUITests" */;
			buildPhases = (
				DC87F1572AF95B4E00B64C76 /* Sources */,
				DC87F1582AF95B4E00B64C76 /* Frameworks */,
				DC87F1592AF95B4E00B64C76 /* Resources */,
			);
			buildRules = (
			);
			dependencies = (
				DC87F15D2AF95B4E00B64C76 /* PBXTargetDependency */,
			);
			name = GoodCafeUITests;
			productName = GoodCafeUITests;
			productReference = DC87F15B2AF95B4E00B64C76 /* GoodCafeUITests.xctest */;
			productType = "com.apple.product-type.bundle.ui-testing";
		};
/* End PBXNativeTarget section */

/* Begin PBXProject section */
		DC87F1392AF95B4D00B64C76 /* Project object */ = {
			isa = PBXProject;
			attributes = {
				BuildIndependentTargetsInParallel = 1;
				LastSwiftUpdateCheck = 1430;
				LastUpgradeCheck = 1430;
				TargetAttributes = {
					DC87F1402AF95B4D00B64C76 = {
						CreatedOnToolsVersion = 14.3;
					};
					DC87F1502AF95B4E00B64C76 = {
						CreatedOnToolsVersion = 14.3;
						TestTargetID = DC87F1402AF95B4D00B64C76;
					};
					DC87F15A2AF95B4E00B64C76 = {
						CreatedOnToolsVersion = 14.3;
						TestTargetID = DC87F1402AF95B4D00B64C76;
					};
				};
			};
			buildConfigurationList = DC87F13C2AF95B4D00B64C76 /* Build configuration list for PBXProject "GoodCafe" */;
			compatibilityVersion = "Xcode 14.0";
			developmentRegion = en;
			hasScannedForEncodings = 0;
			knownRegions = (
				en,
				Base,
			);
			mainGroup = DC87F1382AF95B4D00B64C76;
			productRefGroup = DC87F1422AF95B4D00B64C76 /* Products */;
			projectDirPath = "";
			projectRoot = "";
			targets = (
				DC87F1402AF95B4D00B64C76 /* GoodCafe */,
				DC87F1502AF95B4E00B64C76 /* GoodCafeTests */,
				DC87F15A2AF95B4E00B64C76 /* GoodCafeUITests */,
			);
		};
/* End PBXProject section */

/* Begin PBXResourcesBuildPhase section */
		DC87F13F2AF95B4D00B64C76 /* Resources */ = {
			isa = PBXResourcesBuildPhase;
			buildActionMask = 2147483647;
			files = (
				DC87F14C2AF95B4E00B64C76 /* Preview Assets.xcassets in Resources */,
				DC87F1492AF95B4E00B64C76 /* Assets.xcassets in Resources */,
			);
			runOnlyForDeploymentPostprocessing = 0;
		};
		DC87F14F2AF95B4E00B64C76 /* Resources */ = {
			isa = PBXResourcesBuildPhase;
			buildActionMask = 2147483647;
			files = (
			);
			runOnlyForDeploymentPostprocessing = 0;
		};
		DC87F1592AF95B4E00B64C76 /* Resources */ = {
			isa = PBXResourcesBuildPhase;
			buildActionMask = 2147483647;
			files = (
			);
			runOnlyForDeploymentPostprocessing = 0;
		};
/* End PBXResourcesBuildPhase section */

/* Begin PBXSourcesBuildPhase section */
		DC87F13D2AF95B4D00B64C76 /* Sources */ = {
			isa = PBXSourcesBuildPhase;
			buildActionMask = 2147483647;
			files = (
				DC87F1472AF95B4D00B64C76 /* ContentView.swift in Sources */,
				DC87F1452AF95B4D00B64C76 /* GoodCafeApp.swift in Sources */,
			);
			runOnlyForDeploymentPostprocessing = 0;
		};
		DC87F14D2AF95B4E00B64C76 /* Sources */ = {
			isa = PBXSourcesBuildPhase;
			buildActionMask = 2147483647;
			files = (
				DC87F1562AF95B4E00B64C76 /* GoodCafeTests.swift in Sources */,
			);
			runOnlyForDeploymentPostprocessing = 0;
		};
		DC87F1572AF95B4E00B64C76 /* Sources */ = {
			isa = PBXSourcesBuildPhase;
			buildActionMask = 2147483647;
			files = (
				DC87F1622AF95B4E00B64C76 /* GoodCafeUITestsLaunchTests.swift in Sources */,
				DC87F1602AF95B4E00B64C76 /* GoodCafeUITests.swift in Sources */,
			);
			runOnlyForDeploymentPostprocessing = 0;
		};
/* End PBXSourcesBuildPhase section */

/* Begin PBXTargetDependency section */
		DC87F1532AF95B4E00B64C76 /* PBXTargetDependency */ = {
			isa = PBXTargetDependency;
			target = DC87F1402AF95B4D00B64C76 /* GoodCafe */;
			targetProxy = DC87F1522AF95B4E00B64C76 /* PBXContainerItemProxy */;
		};
		DC87F15D2AF95B4E00B64C76 /* PBXTargetDependency */ = {
			isa = PBXTargetDependency;
			target = DC87F1402AF95B4D00B64C76 /* GoodCafe */;
			targetProxy = DC87F15C2AF95B4E00B64C76 /* PBXContainerItemProxy */;
		};
/* End PBXTargetDependency section */

/* Begin XCBuildConfiguration section */
		DC87F1632AF95B4E00B64C76 /* Debug */ = {
			isa = XCBuildConfiguration;
			buildSettings = {
				ALWAYS_SEARCH_USER_PATHS = NO;
				CLANG_ANALYZER_NONNULL = YES;
				CLANG_ANALYZER_NUMBER_OBJECT_CONVERSION = YES_AGGRESSIVE;
				CLANG_CXX_LANGUAGE_STANDARD = "gnu++20";
				CLANG_ENABLE_MODULES = YES;
				CLANG_ENABLE_OBJC_ARC = YES;
				CLANG_ENABLE_OBJC_WEAK = YES;
				CLANG_WARN_BLOCK_CAPTURE_AUTORELEASING = YES;
				CLANG_WARN_BOOL_CONVERSION = YES;
				CLANG_WARN_COMMA = YES;
				CLANG_WARN_CONSTANT_CONVERSION = YES;
				CLANG_WARN_DEPRECATED_OBJC_IMPLEMENTATIONS = YES;
				CLANG_WARN_DIRECT_OBJC_ISA_USAGE = YES_ERROR;
				CLANG_WARN_DOCUMENTATION_COMMENTS = YES;
				CLANG_WARN_EMPTY_BODY = YES;
				CLANG_WARN_ENUM_CONVERSION = YES;
				CLANG_WARN_INFINITE_RECURSION = YES;
				CLANG_WARN_INT_CONVERSION = YES;
				CLANG_WARN_NON_LITERAL_NULL_CONVERSION = YES;
				CLANG_WARN_OBJC_IMPLICIT_RETAIN_SELF = YES;
				CLANG_WARN_OBJC_LITERAL_CONVERSION = YES;
				CLANG_WARN_OBJC_ROOT_CLASS = YES_ERROR;
				CLANG_WARN_QUOTED_INCLUDE_IN_FRAMEWORK_HEADER = YES;
				CLANG_WARN_RANGE_LOOP_ANALYSIS = YES;
				CLANG_WARN_STRICT_PROTOTYPES = YES;
				CLANG_WARN_SUSPICIOUS_MOVE = YES;
				CLANG_WARN_UNGUARDED_AVAILABILITY = YES_AGGRESSIVE;
				CLANG_WARN_UNREACHABLE_CODE = YES;
				CLANG_WARN__DUPLICATE_METHOD_MATCH = YES;
				COPY_PHASE_STRIP = NO;
				DEBUG_INFORMATION_FORMAT = dwarf;
				ENABLE_STRICT_OBJC_MSGSEND = YES;
				ENABLE_TESTABILITY = YES;
				GCC_C_LANGUAGE_STANDARD = gnu11;
				GCC_DYNAMIC_NO_PIC = NO;
				GCC_NO_COMMON_BLOCKS = YES;
				GCC_OPTIMIZATION_LEVEL = 0;
				GCC_PREPROCESSOR_DEFINITIONS = (
					"DEBUG=1",
					"$(inherited)",
				);
				GCC_WARN_64_TO_32_BIT_CONVERSION = YES;
				GCC_WARN_ABOUT_RETURN_TYPE = YES_ERROR;
				GCC_WARN_UNDECLARED_SELECTOR = YES;
				GCC_WARN_UNINITIALIZED_AUTOS = YES_AGGRESSIVE;
				GCC_WARN_UNUSED_FUNCTION = YES;
				GCC_WARN_UNUSED_VARIABLE = YES;
				IPHONEOS_DEPLOYMENT_TARGET = 16.4;
				MTL_ENABLE_DEBUG_INFO = INCLUDE_SOURCE;
				MTL_FAST_MATH = YES;
				ONLY_ACTIVE_ARCH = YES;
				SDKROOT = iphoneos;
				SWIFT_ACTIVE_COMPILATION_CONDITIONS = DEBUG;
				SWIFT_OPTIMIZATION_LEVEL = "-Onone";
			};
			name = Debug;
		};
		DC87F1642AF95B4E00B64C76 /* Release */ = {
			isa = XCBuildConfiguration;
			buildSettings = {
				ALWAYS_SEARCH_USER_PATHS = NO;
				CLANG_ANALYZER_NONNULL = YES;
				CLANG_ANALYZER_NUMBER_OBJECT_CONVERSION = YES_AGGRESSIVE;
				CLANG_CXX_LANGUAGE_STANDARD = "gnu++20";
				CLANG_ENABLE_MODULES = YES;
				CLANG_ENABLE_OBJC_ARC = YES;
				CLANG_ENABLE_OBJC_WEAK = YES;
				CLANG_WARN_BLOCK_CAPTURE_AUTORELEASING = YES;
				CLANG_WARN_BOOL_CONVERSION = YES;
				CLANG_WARN_COMMA = YES;
				CLANG_WARN_CONSTANT_CONVERSION = YES;
				CLANG_WARN_DEPRECATED_OBJC_IMPLEMENTATIONS = YES;
				CLANG_WARN_DIRECT_OBJC_ISA_USAGE = YES_ERROR;
				CLANG_WARN_DOCUMENTATION_COMMENTS = YES;
				CLANG_WARN_EMPTY_BODY = YES;
				CLANG_WARN_ENUM_CONVERSION = YES;
				CLANG_WARN_INFINITE_RECURSION = YES;
				CLANG_WARN_INT_CONVERSION = YES;
				CLANG_WARN_NON_LITERAL_NULL_CONVERSION = YES;
				CLANG_WARN_OBJC_IMPLICIT_RETAIN_SELF = YES;
				CLANG_WARN_OBJC_LITERAL_CONVERSION = YES;
				CLANG_WARN_OBJC_ROOT_CLASS = YES_ERROR;
				CLANG_WARN_QUOTED_INCLUDE_IN_FRAMEWORK_HEADER = YES;
				CLANG_WARN_RANGE_LOOP_ANALYSIS = YES;
				CLANG_WARN_STRICT_PROTOTYPES = YES;
				CLANG_WARN_SUSPICIOUS_MOVE = YES;
				CLANG_WARN_UNGUARDED_AVAILABILITY = YES_AGGRESSIVE;
				CLANG_WARN_UNREACHABLE_CODE = YES;
				CLANG_WARN__DUPLICATE_METHOD_MATCH = YES;
				COPY_PHASE_STRIP = NO;
				DEBUG_INFORMATION_FORMAT = "dwarf-with-dsym";
				ENABLE_NS_ASSERTIONS = NO;
				ENABLE_STRICT_OBJC_MSGSEND = YES;
				GCC_C_LANGUAGE_STANDARD = gnu11;
				GCC_NO_COMMON_BLOCKS = YES;
				GCC_WARN_64_TO_32_BIT_CONVERSION = YES;
				GCC_WARN_ABOUT_RETURN_TYPE = YES_ERROR;
				GCC_WARN_UNDECLARED_SELECTOR = YES;
				GCC_WARN_UNINITIALIZED_AUTOS = YES_AGGRESSIVE;
				GCC_WARN_UNUSED_FUNCTION = YES;
				GCC_WARN_UNUSED_VARIABLE = YES;
				IPHONEOS_DEPLOYMENT_TARGET = 16.4;
				MTL_ENABLE_DEBUG_INFO = NO;
				MTL_FAST_MATH = YES;
				SDKROOT = iphoneos;
				SWIFT_COMPILATION_MODE = wholemodule;
				SWIFT_OPTIMIZATION_LEVEL = "-O";
				VALIDATE_PRODUCT = YES;
			};
			name = Release;
		};
		DC87F1662AF95B4E00B64C76 /* Debug */ = {
			isa = XCBuildConfiguration;
			buildSettings = {
				ASSETCATALOG_COMPILER_APPICON_NAME = AppIcon;
				ASSETCATALOG_COMPILER_GLOBAL_ACCENT_COLOR_NAME = AccentColor;
				CODE_SIGN_STYLE = Automatic;
				CURRENT_PROJECT_VERSION = 1;
				DEVELOPMENT_ASSET_PATHS = "\"GoodCafe/Preview Content\"";
				DEVELOPMENT_TEAM = 5KN7899368;
				ENABLE_PREVIEWS = YES;
				GENERATE_INFOPLIST_FILE = YES;
				INFOPLIST_KEY_UIApplicationSceneManifest_Generation = YES;
				INFOPLIST_KEY_UIApplicationSupportsIndirectInputEvents = YES;
				INFOPLIST_KEY_UILaunchScreen_Generation = YES;
				INFOPLIST_KEY_UISupportedInterfaceOrientations_iPad = "UIInterfaceOrientationPortrait UIInterfaceOrientationPortraitUpsideDown UIInterfaceOrientationLandscapeLeft UIInterfaceOrientationLandscapeRight";
				INFOPLIST_KEY_UISupportedInterfaceOrientations_iPhone = "UIInterfaceOrientationPortrait UIInterfaceOrientationLandscapeLeft UIInterfaceOrientationLandscapeRight";
				LD_RUNPATH_SEARCH_PATHS = (
					"$(inherited)",
					"@executable_path/Frameworks",
				);
				MARKETING_VERSION = 1.0;
				PRODUCT_BUNDLE_IDENTIFIER = klimenko.GoodCafe;
				PRODUCT_NAME = "$(TARGET_NAME)";
				SWIFT_EMIT_LOC_STRINGS = YES;
				SWIFT_VERSION = 5.0;
				TARGETED_DEVICE_FAMILY = "1,2";
			};
			name = Debug;
		};
		DC87F1672AF95B4E00B64C76 /* Release */ = {
			isa = XCBuildConfiguration;
			buildSettings = {
				ASSETCATALOG_COMPILER_APPICON_NAME = AppIcon;
				ASSETCATALOG_COMPILER_GLOBAL_ACCENT_COLOR_NAME = AccentColor;
				CODE_SIGN_STYLE = Automatic;
				CURRENT_PROJECT_VERSION = 1;
				DEVELOPMENT_ASSET_PATHS = "\"GoodCafe/Preview Content\"";
				DEVELOPMENT_TEAM = 5KN7899368;
				ENABLE_PREVIEWS = YES;
				GENERATE_INFOPLIST_FILE = YES;
				INFOPLIST_KEY_UIApplicationSceneManifest_Generation = YES;
				INFOPLIST_KEY_UIApplicationSupportsIndirectInputEvents = YES;
				INFOPLIST_KEY_UILaunchScreen_Generation = YES;
				INFOPLIST_KEY_UISupportedInterfaceOrientations_iPad = "UIInterfaceOrientationPortrait UIInterfaceOrientationPortraitUpsideDown UIInterfaceOrientationLandscapeLeft UIInterfaceOrientationLandscapeRight";
				INFOPLIST_KEY_UISupportedInterfaceOrientations_iPhone = "UIInterfaceOrientationPortrait UIInterfaceOrientationLandscapeLeft UIInterfaceOrientationLandscapeRight";
				LD_RUNPATH_SEARCH_PATHS = (
					"$(inherited)",
					"@executable_path/Frameworks",
				);
				MARKETING_VERSION = 1.0;
				PRODUCT_BUNDLE_IDENTIFIER = klimenko.GoodCafe;
				PRODUCT_NAME = "$(TARGET_NAME)";
				SWIFT_EMIT_LOC_STRINGS = YES;
				SWIFT_VERSION = 5.0;
				TARGETED_DEVICE_FAMILY = "1,2";
			};
			name = Release;
		};
		DC87F1692AF95B4E00B64C76 /* Debug */ = {
			isa = XCBuildConfiguration;
			buildSettings = {
				ALWAYS_EMBED_SWIFT_STANDARD_LIBRARIES = YES;
				BUNDLE_LOADER = "$(TEST_HOST)";
				CODE_SIGN_STYLE = Automatic;
				CURRENT_PROJECT_VERSION = 1;
				DEVELOPMENT_TEAM = 5KN7899368;
				GENERATE_INFOPLIST_FILE = YES;
				IPHONEOS_DEPLOYMENT_TARGET = 16.4;
				MARKETING_VERSION = 1.0;
				PRODUCT_BUNDLE_IDENTIFIER = klimenko.GoodCafeTests;
				PRODUCT_NAME = "$(TARGET_NAME)";
				SWIFT_EMIT_LOC_STRINGS = NO;
				SWIFT_VERSION = 5.0;
				TARGETED_DEVICE_FAMILY = "1,2";
				TEST_HOST = "$(BUILT_PRODUCTS_DIR)/GoodCafe.app/$(BUNDLE_EXECUTABLE_FOLDER_PATH)/GoodCafe";
			};
			name = Debug;
		};
		DC87F16A2AF95B4E00B64C76 /* Release */ = {
			isa = XCBuildConfiguration;
			buildSettings = {
				ALWAYS_EMBED_SWIFT_STANDARD_LIBRARIES = YES;
				BUNDLE_LOADER = "$(TEST_HOST)";
				CODE_SIGN_STYLE = Automatic;
				CURRENT_PROJECT_VERSION = 1;
				DEVELOPMENT_TEAM = 5KN7899368;
				GENERATE_INFOPLIST_FILE = YES;
				IPHONEOS_DEPLOYMENT_TARGET = 16.4;
				MARKETING_VERSION = 1.0;
				PRODUCT_BUNDLE_IDENTIFIER = klimenko.GoodCafeTests;
				PRODUCT_NAME = "$(TARGET_NAME)";
				SWIFT_EMIT_LOC_STRINGS = NO;
				SWIFT_VERSION = 5.0;
				TARGETED_DEVICE_FAMILY = "1,2";
				TEST_HOST = "$(BUILT_PRODUCTS_DIR)/GoodCafe.app/$(BUNDLE_EXECUTABLE_FOLDER_PATH)/GoodCafe";
			};
			name = Release;
		};
		DC87F16C2AF95B4E00B64C76 /* Debug */ = {
			isa = XCBuildConfiguration;
			buildSettings = {
				ALWAYS_EMBED_SWIFT_STANDARD_LIBRARIES = YES;
				CODE_SIGN_STYLE = Automatic;
				CURRENT_PROJECT_VERSION = 1;
				DEVELOPMENT_TEAM = 5KN7899368;
				GENERATE_INFOPLIST_FILE = YES;
				MARKETING_VERSION = 1.0;
				PRODUCT_BUNDLE_IDENTIFIER = klimenko.GoodCafeUITests;
				PRODUCT_NAME = "$(TARGET_NAME)";
				SWIFT_EMIT_LOC_STRINGS = NO;
				SWIFT_VERSION = 5.0;
				TARGETED_DEVICE_FAMILY = "1,2";
				TEST_TARGET_NAME = GoodCafe;
			};
			name = Debug;
		};
		DC87F16D2AF95B4E00B64C76 /* Release */ = {
			isa = XCBuildConfiguration;
			buildSettings = {
				ALWAYS_EMBED_SWIFT_STANDARD_LIBRARIES = YES;
				CODE_SIGN_STYLE = Automatic;
				CURRENT_PROJECT_VERSION = 1;
				DEVELOPMENT_TEAM = 5KN7899368;
				GENERATE_INFOPLIST_FILE = YES;
				MARKETING_VERSION = 1.0;
				PRODUCT_BUNDLE_IDENTIFIER = klimenko.GoodCafeUITests;
				PRODUCT_NAME = "$(TARGET_NAME)";
				SWIFT_EMIT_LOC_STRINGS = NO;
				SWIFT_VERSION = 5.0;
				TARGETED_DEVICE_FAMILY = "1,2";
				TEST_TARGET_NAME = GoodCafe;
			};
			name = Release;
		};
/* End XCBuildConfiguration section */

/* Begin XCConfigurationList section */
		DC87F13C2AF95B4D00B64C76 /* Build configuration list for PBXProject "GoodCafe" */ = {
			isa = XCConfigurationList;
			buildConfigurations = (
				DC87F1632AF95B4E00B64C76 /* Debug */,
				DC87F1642AF95B4E00B64C76 /* Release */,
			);
			defaultConfigurationIsVisible = 0;
			defaultConfigurationName = Release;
		};
		DC87F1652AF95B4E00B64C76 /* Build configuration list for PBXNativeTarget "GoodCafe" */ = {
			isa = XCConfigurationList;
			buildConfigurations = (
				DC87F1662AF95B4E00B64C76 /* Debug */,
				DC87F1672AF95B4E00B64C76 /* Release */,
			);
			defaultConfigurationIsVisible = 0;
			defaultConfigurationName = Release;
		};
		DC87F1682AF95B4E00B64C76 /* Build configuration list for PBXNativeTarget "GoodCafeTests" */ = {
			isa = XCConfigurationList;
			buildConfigurations = (
				DC87F1692AF95B4E00B64C76 /* Debug */,
				DC87F16A2AF95B4E00B64C76 /* Release */,
			);
			defaultConfigurationIsVisible = 0;
			defaultConfigurationName = Release;
		};
		DC87F16B2AF95B4E00B64C76 /* Build configuration list for PBXNativeTarget "GoodCafeUITests" */ = {
			isa = XCConfigurationList;
			buildConfigurations = (
				DC87F16C2AF95B4E00B64C76 /* Debug */,
				DC87F16D2AF95B4E00B64C76 /* Release */,
			);
			defaultConfigurationIsVisible = 0;
			defaultConfigurationName = Release;
		};
/* End XCConfigurationList section */
	};
	rootObject = DC87F1392AF95B4D00B64C76 /* Project object */;
}
